<?xml version="1.0" encoding="utf-8"?>
<Project ToolsVersion="4.0" xmlns="http://schemas.microsoft.com/developer/msbuild/2003">
  <ItemGroup>
    <Filter Include="Source Code">
      <UniqueIdentifier>{99e7eefb-f6a2-4f6d-9e2c-522509f2747a}</UniqueIdentifier>
      <Extensions>cpp;c;cxx;rc;def;r;odl;idl;hpj;bat</Extensions>
    </Filter>
  </ItemGroup>
  <ItemGroup>
    <ClCompile Include="source\Main.cpp">
      <Filter>Source Code</Filter>
    </ClCompile>
    <ClCompile Include="cgmenu.cpp">
      <Filter>Source Code</Filter>
    </ClCompile>
  </ItemGroup>
</Project>